
Microsoft Visual Studio Solution File, Format Version 12.00
# Visual Studio Version 17
VisualStudioVersion = 17.5.33414.496
MinimumVisualStudioVersion = 10.0.40219.1
Project("{FAE04EC0-301F-11D3-BF4B-00C04F79EFBC}") = "1005", "1005.csproj", "{14FFC5AF-3AFD-40EB-9910-F3A8A8B8DBCF}"
EndProject
Global
	GlobalSection(SolutionConfigurationPlatforms) = preSolution
		Debug|Any CPU = Debug|Any CPU
		Release|Any CPU = Release|Any CPU
	EndGlobalSection
	GlobalSection(ProjectConfigurationPlatforms) = postSolution
		{14FFC5AF-3AFD-40EB-9910-F3A8A8B8DBCF}.Debug|Any CPU.ActiveCfg = Debug|Any CPU
		{14FFC5AF-3AFD-40EB-9910-F3A8A8B8DBCF}.Debug|Any CPU.Build.0 = Debug|Any CPU
		{14FFC5AF-3AFD-40EB-9910-F3A8A8B8DBCF}.Release|Any CPU.ActiveCfg = Release|Any CPU
		{14FFC5AF-3AFD-40EB-9910-F3A8A8B8DBCF}.Release|Any CPU.Build.0 = Release|Any CPU
	EndGlobalSection
	GlobalSection(SolutionProperties) = preSolution
		HideSolutionNode = FALSE
	EndGlobalSection
	GlobalSection(ExtensibilityGlobals) = postSolution
		SolutionGuid = {5542C113-4DFE-4348-A28C-D4D012D6BC4E}
	EndGlobalSection
EndGlobal
