
Microsoft Visual Studio Solution File, Format Version 12.00
# Visual Studio Version 17
VisualStudioVersion = 17.5.33414.496
MinimumVisualStudioVersion = 10.0.40219.1
Project("{FAE04EC0-301F-11D3-BF4B-00C04F79EFBC}") = "1007", "1007.csproj", "{1572DA40-8A43-461C-974F-6F2EF0B1966B}"
EndProject
Global
	GlobalSection(SolutionConfigurationPlatforms) = preSolution
		Debug|Any CPU = Debug|Any CPU
		Release|Any CPU = Release|Any CPU
	EndGlobalSection
	GlobalSection(ProjectConfigurationPlatforms) = postSolution
		{1572DA40-8A43-461C-974F-6F2EF0B1966B}.Debug|Any CPU.ActiveCfg = Debug|Any CPU
		{1572DA40-8A43-461C-974F-6F2EF0B1966B}.Debug|Any CPU.Build.0 = Debug|Any CPU
		{1572DA40-8A43-461C-974F-6F2EF0B1966B}.Release|Any CPU.ActiveCfg = Release|Any CPU
		{1572DA40-8A43-461C-974F-6F2EF0B1966B}.Release|Any CPU.Build.0 = Release|Any CPU
	EndGlobalSection
	GlobalSection(SolutionProperties) = preSolution
		HideSolutionNode = FALSE
	EndGlobalSection
	GlobalSection(ExtensibilityGlobals) = postSolution
		SolutionGuid = {6507A692-3652-423F-BA2A-7ADDF3B236B8}
	EndGlobalSection
EndGlobal
